// !$*UTF8*$!
{
	archiveVersion = 1;
	classes = {
	};
	objectVersion = 50;
	objects = {

/* Begin PBXBuildFile section */
		C7DD116B223B732B00C83798 /* AppDelegate.swift in Sources */ = {isa = PBXBuildFile; fileRef = C7DD116A223B732B00C83798 /* AppDelegate.swift */; };
		C7DD1170223B732B00C83798 /* Main.storyboard in Resources */ = {isa = PBXBuildFile; fileRef = C7DD116E223B732B00C83798 /* Main.storyboard */; };
		C7DD1172223B732D00C83798 /* Assets.xcassets in Resources */ = {isa = PBXBuildFile; fileRef = C7DD1171223B732D00C83798 /* Assets.xcassets */; };
		C7DD1175223B732D00C83798 /* LaunchScreen.storyboard in Resources */ = {isa = PBXBuildFile; fileRef = C7DD1173223B732D00C83798 /* LaunchScreen.storyboard */; };
		C7DD117E223B74C800C83798 /* MainViewController.swift in Sources */ = {isa = PBXBuildFile; fileRef = C7DD117D223B74C800C83798 /* MainViewController.swift */; };
		ECA28EA76D16FEEF86C10F29 /* Pods_DontWorry.framework in Frameworks */ = {isa = PBXBuildFile; fileRef = BC886D16AA729326793EA303 /* Pods_DontWorry.framework */; };
/* End PBXBuildFile section */

/* Begin PBXFileReference section */
		056CA224A0BD6A42337F54DD /* Pods-DontWorry.debug.xcconfig */ = {isa = PBXFileReference; includeInIndex = 1; lastKnownFileType = text.xcconfig; name = "Pods-DontWorry.debug.xcconfig"; path = "Pods/Target Support Files/Pods-DontWorry/Pods-DontWorry.debug.xcconfig"; sourceTree = "<group>"; };
		AE0C40B050991B9CEE19D375 /* Pods-DontWorry.release.xcconfig */ = {isa = PBXFileReference; includeInIndex = 1; lastKnownFileType = text.xcconfig; name = "Pods-DontWorry.release.xcconfig"; path = "Pods/Target Support Files/Pods-DontWorry/Pods-DontWorry.release.xcconfig"; sourceTree = "<group>"; };
		BC886D16AA729326793EA303 /* Pods_DontWorry.framework */ = {isa = PBXFileReference; explicitFileType = wrapper.framework; includeInIndex = 0; path = Pods_DontWorry.framework; sourceTree = BUILT_PRODUCTS_DIR; };
		C7DD1167223B732B00C83798 /* DontWorry.app */ = {isa = PBXFileReference; explicitFileType = wrapper.application; includeInIndex = 0; path = DontWorry.app; sourceTree = BUILT_PRODUCTS_DIR; };
		C7DD116A223B732B00C83798 /* AppDelegate.swift */ = {isa = PBXFileReference; lastKnownFileType = sourcecode.swift; path = AppDelegate.swift; sourceTree = "<group>"; };
		C7DD116F223B732B00C83798 /* Base */ = {isa = PBXFileReference; lastKnownFileType = file.storyboard; name = Base; path = Base.lproj/Main.storyboard; sourceTree = "<group>"; };
		C7DD1171223B732D00C83798 /* Assets.xcassets */ = {isa = PBXFileReference; lastKnownFileType = folder.assetcatalog; path = Assets.xcassets; sourceTree = "<group>"; };
		C7DD1174223B732D00C83798 /* Base */ = {isa = PBXFileReference; lastKnownFileType = file.storyboard; name = Base; path = Base.lproj/LaunchScreen.storyboard; sourceTree = "<group>"; };
		C7DD1176223B732D00C83798 /* Info.plist */ = {isa = PBXFileReference; lastKnownFileType = text.plist.xml; path = Info.plist; sourceTree = "<group>"; };
		C7DD117D223B74C800C83798 /* MainViewController.swift */ = {isa = PBXFileReference; lastKnownFileType = sourcecode.swift; path = MainViewController.swift; sourceTree = "<group>"; };
/* End PBXFileReference section */

/* Begin PBXFrameworksBuildPhase section */
		C7DD1164223B732B00C83798 /* Frameworks */ = {
			isa = PBXFrameworksBuildPhase;
			buildActionMask = 2147483647;
			files = (
				ECA28EA76D16FEEF86C10F29 /* Pods_DontWorry.framework in Frameworks */,
			);
			runOnlyForDeploymentPostprocessing = 0;
		};
/* End PBXFrameworksBuildPhase section */

/* Begin PBXGroup section */
		31D7EF0F2CC482BA5A5227D1 /* Pods */ = {
			isa = PBXGroup;
			children = (
				056CA224A0BD6A42337F54DD /* Pods-DontWorry.debug.xcconfig */,
				AE0C40B050991B9CEE19D375 /* Pods-DontWorry.release.xcconfig */,
			);
			name = Pods;
			sourceTree = "<group>";
		};
		C7DD115E223B732B00C83798 = {
			isa = PBXGroup;
			children = (
				C7DD1169223B732B00C83798 /* DontWorry */,
				C7DD1168223B732B00C83798 /* Products */,
				31D7EF0F2CC482BA5A5227D1 /* Pods */,
				FA968CF0E6A4E1BD749BB564 /* Frameworks */,
			);
			sourceTree = "<group>";
		};
		C7DD1168223B732B00C83798 /* Products */ = {
			isa = PBXGroup;
			children = (
				C7DD1167223B732B00C83798 /* DontWorry.app */,
			);
			name = Products;
			sourceTree = "<group>";
		};
		C7DD1169223B732B00C83798 /* DontWorry */ = {
			isa = PBXGroup;
			children = (
				C7DD117C223B74B900C83798 /* ViewController */,
				C7DD116A223B732B00C83798 /* AppDelegate.swift */,
				C7DD116E223B732B00C83798 /* Main.storyboard */,
				C7DD1171223B732D00C83798 /* Assets.xcassets */,
				C7DD1173223B732D00C83798 /* LaunchScreen.storyboard */,
				C7DD1176223B732D00C83798 /* Info.plist */,
			);
			path = DontWorry;
			sourceTree = "<group>";
		};
		C7DD117C223B74B900C83798 /* ViewController */ = {
			isa = PBXGroup;
			children = (
				C7DD117D223B74C800C83798 /* MainViewController.swift */,
			);
			path = ViewController;
			sourceTree = "<group>";
		};
		FA968CF0E6A4E1BD749BB564 /* Frameworks */ = {
			isa = PBXGroup;
			children = (
				BC886D16AA729326793EA303 /* Pods_DontWorry.framework */,
			);
			name = Frameworks;
			sourceTree = "<group>";
		};
/* End PBXGroup section */

/* Begin PBXNativeTarget section */
		C7DD1166223B732B00C83798 /* DontWorry */ = {
			isa = PBXNativeTarget;
			buildConfigurationList = C7DD1179223B732D00C83798 /* Build configuration list for PBXNativeTarget "DontWorry" */;
			buildPhases = (
				928A21F12E48907EAF34964F /* [CP] Check Pods Manifest.lock */,
				C7DD1163223B732B00C83798 /* Sources */,
				C7DD1164223B732B00C83798 /* Frameworks */,
				C7DD1165223B732B00C83798 /* Resources */,
				CAC2A0C037AFCBCD93C22ABA /* [CP] Embed Pods Frameworks */,
			);
			buildRules = (
			);
			dependencies = (
			);
			name = DontWorry;
			productName = DontWorry;
			productReference = C7DD1167223B732B00C83798 /* DontWorry.app */;
			productType = "com.apple.product-type.application";
		};
/* End PBXNativeTarget section */

/* Begin PBXProject section */
		C7DD115F223B732B00C83798 /* Project object */ = {
			isa = PBXProject;
			attributes = {
				LastSwiftUpdateCheck = 1010;
				LastUpgradeCheck = 1010;
				ORGANIZATIONNAME = "SeongJoon Kim";
				TargetAttributes = {
					C7DD1166223B732B00C83798 = {
						CreatedOnToolsVersion = 10.1;
					};
				};
			};
			buildConfigurationList = C7DD1162223B732B00C83798 /* Build configuration list for PBXProject "DontWorry" */;
			compatibilityVersion = "Xcode 9.3";
			developmentRegion = en;
			hasScannedForEncodings = 0;
			knownRegions = (
				en,
				Base,
			);
			mainGroup = C7DD115E223B732B00C83798;
			productRefGroup = C7DD1168223B732B00C83798 /* Products */;
			projectDirPath = "";
			projectRoot = "";
			targets = (
				C7DD1166223B732B00C83798 /* DontWorry */,
			);
		};
/* End PBXProject section */

/* Begin PBXResourcesBuildPhase section */
		C7DD1165223B732B00C83798 /* Resources */ = {
			isa = PBXResourcesBuildPhase;
			buildActionMask = 2147483647;
			files = (
				C7DD1175223B732D00C83798 /* LaunchScreen.storyboard in Resources */,
				C7DD1172223B732D00C83798 /* Assets.xcassets in Resources */,
				C7DD1170223B732B00C83798 /* Main.storyboard in Resources */,
			);
			runOnlyForDeploymentPostprocessing = 0;
		};
/* End PBXResourcesBuildPhase section */

/* Begin PBXShellScriptBuildPhase section */
		928A21F12E48907EAF34964F /* [CP] Check Pods Manifest.lock */ = {
			isa = PBXShellScriptBuildPhase;
			buildActionMask = 2147483647;
			files = (
			);
			inputFileListPaths = (
			);
			inputPaths = (
				"${PODS_PODFILE_DIR_PATH}/Podfile.lock",
				"${PODS_ROOT}/Manifest.lock",
			);
			name = "[CP] Check Pods Manifest.lock";
			outputFileListPaths = (
			);
			outputPaths = (
				"$(DERIVED_FILE_DIR)/Pods-DontWorry-checkManifestLockResult.txt",
			);
			runOnlyForDeploymentPostprocessing = 0;
			shellPath = /bin/sh;
			shellScript = "diff \"${PODS_PODFILE_DIR_PATH}/Podfile.lock\" \"${PODS_ROOT}/Manifest.lock\" > /dev/null\nif [ $? != 0 ] ; then\n    # print error to STDERR\n    echo \"error: The sandbox is not in sync with the Podfile.lock. Run 'pod install' or update your CocoaPods installation.\" >&2\n    exit 1\nfi\n# This output is used by Xcode 'outputs' to avoid re-running this script phase.\necho \"SUCCESS\" > \"${SCRIPT_OUTPUT_FILE_0}\"\n";
			showEnvVarsInLog = 0;
		};
		CAC2A0C037AFCBCD93C22ABA /* [CP] Embed Pods Frameworks */ = {
			isa = PBXShellScriptBuildPhase;
			buildActionMask = 2147483647;
			files = (
			);
			inputFileListPaths = (
			);
			inputPaths = (
				"${SRCROOT}/Pods/Target Support Files/Pods-DontWorry/Pods-DontWorry-frameworks.sh",
				"${BUILT_PRODUCTS_DIR}/Charts/Charts.framework",
			);
			name = "[CP] Embed Pods Frameworks";
			outputFileListPaths = (
			);
			outputPaths = (
				"${TARGET_BUILD_DIR}/${FRAMEWORKS_FOLDER_PATH}/Charts.framework",
			);
			runOnlyForDeploymentPostprocessing = 0;
			shellPath = /bin/sh;
			shellScript = "\"${SRCROOT}/Pods/Target Support Files/Pods-DontWorry/Pods-DontWorry-frameworks.sh\"\n";
			showEnvVarsInLog = 0;
		};
/* End PBXShellScriptBuildPhase section */

/* Begin PBXSourcesBuildPhase section */
		C7DD1163223B732B00C83798 /* Sources */ = {
			isa = PBXSourcesBuildPhase;
			buildActionMask = 2147483647;
			files = (
				C7DD117E223B74C800C83798 /* MainViewController.swift in Sources */,
				C7DD116B223B732B00C83798 /* AppDelegate.swift in Sources */,
			);
			runOnlyForDeploymentPostprocessing = 0;
		};
/* End PBXSourcesBuildPhase section */

/* Begin PBXVariantGroup section */
		C7DD116E223B732B00C83798 /* Main.storyboard */ = {
			isa = PBXVariantGroup;
			children = (
				C7DD116F223B732B00C83798 /* Base */,
			);
			name = Main.storyboard;
			sourceTree = "<group>";
		};
		C7DD1173223B732D00C83798 /* LaunchScreen.storyboard */ = {
			isa = PBXVariantGroup;
			children = (
				C7DD1174223B732D00C83798 /* Base */,
			);
			name = LaunchScreen.storyboard;
			sourceTree = "<group>";
		};
/* End PBXVariantGroup section */

/* Begin XCBuildConfiguration section */
		C7DD1177223B732D00C83798 /* Debug */ = {
			isa = XCBuildConfiguration;
			buildSettings = {
				ALWAYS_SEARCH_USER_PATHS = NO;
				CLANG_ANALYZER_NONNULL = YES;
				CLANG_ANALYZER_NUMBER_OBJECT_CONVERSION = YES_AGGRESSIVE;
				CLANG_CXX_LANGUAGE_STANDARD = "gnu++14";
				CLANG_CXX_LIBRARY = "libc++";
				CLANG_ENABLE_MODULES = YES;
				CLANG_ENABLE_OBJC_ARC = YES;
				CLANG_ENABLE_OBJC_WEAK = YES;
				CLANG_WARN_BLOCK_CAPTURE_AUTORELEASING = YES;
				CLANG_WARN_BOOL_CONVERSION = YES;
				CLANG_WARN_COMMA = YES;
				CLANG_WARN_CONSTANT_CONVERSION = YES;
				CLANG_WARN_DEPRECATED_OBJC_IMPLEMENTATIONS = YES;
				CLANG_WARN_DIRECT_OBJC_ISA_USAGE = YES_ERROR;
				CLANG_WARN_DOCUMENTATION_COMMENTS = YES;
				CLANG_WARN_EMPTY_BODY = YES;
				CLANG_WARN_ENUM_CONVERSION = YES;
				CLANG_WARN_INFINITE_RECURSION = YES;
				CLANG_WARN_INT_CONVERSION = YES;
				CLANG_WARN_NON_LITERAL_NULL_CONVERSION = YES;
				CLANG_WARN_OBJC_IMPLICIT_RETAIN_SELF = YES;
				CLANG_WARN_OBJC_LITERAL_CONVERSION = YES;
				CLANG_WARN_OBJC_ROOT_CLASS = YES_ERROR;
				CLANG_WARN_RANGE_LOOP_ANALYSIS = YES;
				CLANG_WARN_STRICT_PROTOTYPES = YES;
				CLANG_WARN_SUSPICIOUS_MOVE = YES;
				CLANG_WARN_UNGUARDED_AVAILABILITY = YES_AGGRESSIVE;
				CLANG_WARN_UNREACHABLE_CODE = YES;
				CLANG_WARN__DUPLICATE_METHOD_MATCH = YES;
				CODE_SIGN_IDENTITY = "iPhone Developer";
				COPY_PHASE_STRIP = NO;
				DEBUG_INFORMATION_FORMAT = dwarf;
				ENABLE_STRICT_OBJC_MSGSEND = YES;
				ENABLE_TESTABILITY = YES;
				GCC_C_LANGUAGE_STANDARD = gnu11;
				GCC_DYNAMIC_NO_PIC = NO;
				GCC_NO_COMMON_BLOCKS = YES;
				GCC_OPTIMIZATION_LEVEL = 0;
				GCC_PREPROCESSOR_DEFINITIONS = (
					"DEBUG=1",
					"$(inherited)",
				);
				GCC_WARN_64_TO_32_BIT_CONVERSION = YES;
				GCC_WARN_ABOUT_RETURN_TYPE = YES_ERROR;
				GCC_WARN_UNDECLARED_SELECTOR = YES;
				GCC_WARN_UNINITIALIZED_AUTOS = YES_AGGRESSIVE;
				GCC_WARN_UNUSED_FUNCTION = YES;
				GCC_WARN_UNUSED_VARIABLE = YES;
				IPHONEOS_DEPLOYMENT_TARGET = 12.1;
				MTL_ENABLE_DEBUG_INFO = INCLUDE_SOURCE;
				MTL_FAST_MATH = YES;
				ONLY_ACTIVE_ARCH = YES;
				SDKROOT = iphoneos;
				SWIFT_ACTIVE_COMPILATION_CONDITIONS = DEBUG;
				SWIFT_OPTIMIZATION_LEVEL = "-Onone";
			};
			name = Debug;
		};
		C7DD1178223B732D00C83798 /* Release */ = {
			isa = XCBuildConfiguration;
			buildSettings = {
				ALWAYS_SEARCH_USER_PATHS = NO;
				CLANG_ANALYZER_NONNULL = YES;
				CLANG_ANALYZER_NUMBER_OBJECT_CONVERSION = YES_AGGRESSIVE;
				CLANG_CXX_LANGUAGE_STANDARD = "gnu++14";
				CLANG_CXX_LIBRARY = "libc++";
				CLANG_ENABLE_MODULES = YES;
				CLANG_ENABLE_OBJC_ARC = YES;
				CLANG_ENABLE_OBJC_WEAK = YES;
				CLANG_WARN_BLOCK_CAPTURE_AUTORELEASING = YES;
				CLANG_WARN_BOOL_CONVERSION = YES;
				CLANG_WARN_COMMA = YES;
				CLANG_WARN_CONSTANT_CONVERSION = YES;
				CLANG_WARN_DEPRECATED_OBJC_IMPLEMENTATIONS = YES;
				CLANG_WARN_DIRECT_OBJC_ISA_USAGE = YES_ERROR;
				CLANG_WARN_DOCUMENTATION_COMMENTS = YES;
				CLANG_WARN_EMPTY_BODY = YES;
				CLANG_WARN_ENUM_CONVERSION = YES;
				CLANG_WARN_INFINITE_RECURSION = YES;
				CLANG_WARN_INT_CONVERSION = YES;
				CLANG_WARN_NON_LITERAL_NULL_CONVERSION = YES;
				CLANG_WARN_OBJC_IMPLICIT_RETAIN_SELF = YES;
				CLANG_WARN_OBJC_LITERAL_CONVERSION = YES;
				CLANG_WARN_OBJC_ROOT_CLASS = YES_ERROR;
				CLANG_WARN_RANGE_LOOP_ANALYSIS = YES;
				CLANG_WARN_STRICT_PROTOTYPES = YES;
				CLANG_WARN_SUSPICIOUS_MOVE = YES;
				CLANG_WARN_UNGUARDED_AVAILABILITY = YES_AGGRESSIVE;
				CLANG_WARN_UNREACHABLE_CODE = YES;
				CLANG_WARN__DUPLICATE_METHOD_MATCH = YES;
				CODE_SIGN_IDENTITY = "iPhone Developer";
				COPY_PHASE_STRIP = NO;
				DEBUG_INFORMATION_FORMAT = "dwarf-with-dsym";
				ENABLE_NS_ASSERTIONS = NO;
				ENABLE_STRICT_OBJC_MSGSEND = YES;
				GCC_C_LANGUAGE_STANDARD = gnu11;
				GCC_NO_COMMON_BLOCKS = YES;
				GCC_WARN_64_TO_32_BIT_CONVERSION = YES;
				GCC_WARN_ABOUT_RETURN_TYPE = YES_ERROR;
				GCC_WARN_UNDECLARED_SELECTOR = YES;
				GCC_WARN_UNINITIALIZED_AUTOS = YES_AGGRESSIVE;
				GCC_WARN_UNUSED_FUNCTION = YES;
				GCC_WARN_UNUSED_VARIABLE = YES;
				IPHONEOS_DEPLOYMENT_TARGET = 12.1;
				MTL_ENABLE_DEBUG_INFO = NO;
				MTL_FAST_MATH = YES;
				SDKROOT = iphoneos;
				SWIFT_COMPILATION_MODE = wholemodule;
				SWIFT_OPTIMIZATION_LEVEL = "-O";
				VALIDATE_PRODUCT = YES;
			};
			name = Release;
		};
		C7DD117A223B732D00C83798 /* Debug */ = {
			isa = XCBuildConfiguration;
			baseConfigurationReference = 056CA224A0BD6A42337F54DD /* Pods-DontWorry.debug.xcconfig */;
			buildSettings = {
				ASSETCATALOG_COMPILER_APPICON_NAME = AppIcon;
				CODE_SIGN_STYLE = Automatic;
				INFOPLIST_FILE = DontWorry/Info.plist;
				LD_RUNPATH_SEARCH_PATHS = (
					"$(inherited)",
					"@executable_path/Frameworks",
				);
				PRODUCT_BUNDLE_IDENTIFIER = Duny.DontWorry;
				PRODUCT_NAME = "$(TARGET_NAME)";
				SWIFT_VERSION = 4.2;
				TARGETED_DEVICE_FAMILY = "1,2";
			};
			name = Debug;
		};
		C7DD117B223B732D00C83798 /* Release */ = {
			isa = XCBuildConfiguration;
			baseConfigurationReference = AE0C40B050991B9CEE19D375 /* Pods-DontWorry.release.xcconfig */;
			buildSettings = {
				ASSETCATALOG_COMPILER_APPICON_NAME = AppIcon;
				CODE_SIGN_STYLE = Automatic;
				INFOPLIST_FILE = DontWorry/Info.plist;
				LD_RUNPATH_SEARCH_PATHS = (
					"$(inherited)",
					"@executable_path/Frameworks",
				);
				PRODUCT_BUNDLE_IDENTIFIER = Duny.DontWorry;
				PRODUCT_NAME = "$(TARGET_NAME)";
				SWIFT_VERSION = 4.2;
				TARGETED_DEVICE_FAMILY = "1,2";
			};
			name = Release;
		};
/* End XCBuildConfiguration section */

/* Begin XCConfigurationList section */
		C7DD1162223B732B00C83798 /* Build configuration list for PBXProject "DontWorry" */ = {
			isa = XCConfigurationList;
			buildConfigurations = (
				C7DD1177223B732D00C83798 /* Debug */,
				C7DD1178223B732D00C83798 /* Release */,
			);
			defaultConfigurationIsVisible = 0;
			defaultConfigurationName = Release;
		};
		C7DD1179223B732D00C83798 /* Build configuration list for PBXNativeTarget "DontWorry" */ = {
			isa = XCConfigurationList;
			buildConfigurations = (
				C7DD117A223B732D00C83798 /* Debug */,
				C7DD117B223B732D00C83798 /* Release */,
			);
			defaultConfigurationIsVisible = 0;
			defaultConfigurationName = Release;
		};
/* End XCConfigurationList section */
	};
	rootObject = C7DD115F223B732B00C83798 /* Project object */;
}
