// !$*UTF8*$!
{
	archiveVersion = 1;
	classes = {
	};
	objectVersion = 50;
	objects = {

/* Begin PBXBuildFile section */
		64AE5978224B7379008540E3 /* NSObject + reusableIdentifier.swift in Sources */ = {isa = PBXBuildFile; fileRef = 64AE5970224B7379008540E3 /* NSObject + reusableIdentifier.swift */; };
		64AE5979224B7379008540E3 /* CustomMenuBar.swift in Sources */ = {isa = PBXBuildFile; fileRef = 64AE5972224B7379008540E3 /* CustomMenuBar.swift */; };
		64AE597A224B7379008540E3 /* CustomCell.xib in Resources */ = {isa = PBXBuildFile; fileRef = 64AE5974224B7379008540E3 /* CustomCell.xib */; };
		64AE597B224B7379008540E3 /* CustomCell.swift in Sources */ = {isa = PBXBuildFile; fileRef = 64AE5975224B7379008540E3 /* CustomCell.swift */; };
		64AE597C224B7379008540E3 /* PageCell.swift in Sources */ = {isa = PBXBuildFile; fileRef = 64AE5976224B7379008540E3 /* PageCell.swift */; };
		64AE597D224B7379008540E3 /* PageCell.xib in Resources */ = {isa = PBXBuildFile; fileRef = 64AE5977224B7379008540E3 /* PageCell.xib */; };
		64AE598B224B73AE008540E3 /* FMDatabaseAdditions.m in Sources */ = {isa = PBXBuildFile; fileRef = 64AE5980224B73AD008540E3 /* FMDatabaseAdditions.m */; };
		64AE598C224B73AE008540E3 /* FMDatabaseQueue.m in Sources */ = {isa = PBXBuildFile; fileRef = 64AE5981224B73AD008540E3 /* FMDatabaseQueue.m */; };
		64AE598D224B73AE008540E3 /* MainVc.swift in Sources */ = {isa = PBXBuildFile; fileRef = 64AE5983224B73AD008540E3 /* MainVc.swift */; };
		64AE598E224B73AE008540E3 /* FMDatabasePool.m in Sources */ = {isa = PBXBuildFile; fileRef = 64AE5985224B73AD008540E3 /* FMDatabasePool.m */; };
		64AE598F224B73AE008540E3 /* FMDatabase.m in Sources */ = {isa = PBXBuildFile; fileRef = 64AE5986224B73AD008540E3 /* FMDatabase.m */; };
		64AE5990224B73AE008540E3 /* FMResultSet.m in Sources */ = {isa = PBXBuildFile; fileRef = 64AE5989224B73AE008540E3 /* FMResultSet.m */; };
		64AE5992224B73CE008540E3 /* libsqlite3.tbd in Frameworks */ = {isa = PBXBuildFile; fileRef = 64AE5991224B73CE008540E3 /* libsqlite3.tbd */; };
		C780C48F225DC2920063FBEC /* ListTableViewCell.swift in Sources */ = {isa = PBXBuildFile; fileRef = C780C48E225DC2920063FBEC /* ListTableViewCell.swift */; };
		C7DD116B223B732B00C83798 /* AppDelegate.swift in Sources */ = {isa = PBXBuildFile; fileRef = C7DD116A223B732B00C83798 /* AppDelegate.swift */; };
		C7DD1170223B732B00C83798 /* Main.storyboard in Resources */ = {isa = PBXBuildFile; fileRef = C7DD116E223B732B00C83798 /* Main.storyboard */; };
		C7DD1172223B732D00C83798 /* Assets.xcassets in Resources */ = {isa = PBXBuildFile; fileRef = C7DD1171223B732D00C83798 /* Assets.xcassets */; };
		C7DD1175223B732D00C83798 /* LaunchScreen.storyboard in Resources */ = {isa = PBXBuildFile; fileRef = C7DD1173223B732D00C83798 /* LaunchScreen.storyboard */; };
		C7DD117E223B74C800C83798 /* MainViewController.swift in Sources */ = {isa = PBXBuildFile; fileRef = C7DD117D223B74C800C83798 /* MainViewController.swift */; };
		D85455AD22547C8600AED539 /* Home.storyboard in Resources */ = {isa = PBXBuildFile; fileRef = D85455AC22547C8600AED539 /* Home.storyboard */; };
		D85455AF22547DA000AED539 /* List.storyboard in Resources */ = {isa = PBXBuildFile; fileRef = D85455AE22547DA000AED539 /* List.storyboard */; };
		D85455B122547E2B00AED539 /* Stats.storyboard in Resources */ = {isa = PBXBuildFile; fileRef = D85455B022547E2B00AED539 /* Stats.storyboard */; };
		D85455B322547E6900AED539 /* Compare.storyboard in Resources */ = {isa = PBXBuildFile; fileRef = D85455B222547E6900AED539 /* Compare.storyboard */; };
		D85455B5225486A400AED539 /* StatsViewController.swift in Sources */ = {isa = PBXBuildFile; fileRef = D85455B4225486A400AED539 /* StatsViewController.swift */; };
		D85455B7225486B000AED539 /* ListViewController.swift in Sources */ = {isa = PBXBuildFile; fileRef = D85455B6225486B000AED539 /* ListViewController.swift */; };
		D85455B9225486BE00AED539 /* CompareViewController.swift in Sources */ = {isa = PBXBuildFile; fileRef = D85455B8225486BE00AED539 /* CompareViewController.swift */; };
		D85455BB225486CB00AED539 /* HomeViewController.swift in Sources */ = {isa = PBXBuildFile; fileRef = D85455BA225486CB00AED539 /* HomeViewController.swift */; };
		D8C8EFB5225DB9930095A151 /* Input.storyboard in Resources */ = {isa = PBXBuildFile; fileRef = D8C8EFB4225DB9930095A151 /* Input.storyboard */; };
		D8C8EFB7225DBA100095A151 /* InputViewController.swift in Sources */ = {isa = PBXBuildFile; fileRef = D8C8EFB6225DBA100095A151 /* InputViewController.swift */; };
		ECA28EA76D16FEEF86C10F29 /* Pods_DontWorry.framework in Frameworks */ = {isa = PBXBuildFile; fileRef = BC886D16AA729326793EA303 /* Pods_DontWorry.framework */; };
/* End PBXBuildFile section */

/* Begin PBXFileReference section */
		056CA224A0BD6A42337F54DD /* Pods-DontWorry.debug.xcconfig */ = {isa = PBXFileReference; includeInIndex = 1; lastKnownFileType = text.xcconfig; name = "Pods-DontWorry.debug.xcconfig"; path = "Pods/Target Support Files/Pods-DontWorry/Pods-DontWorry.debug.xcconfig"; sourceTree = "<group>"; };
		64AE5970224B7379008540E3 /* NSObject + reusableIdentifier.swift */ = {isa = PBXFileReference; fileEncoding = 4; lastKnownFileType = sourcecode.swift; path = "NSObject + reusableIdentifier.swift"; sourceTree = "<group>"; };
		64AE5972224B7379008540E3 /* CustomMenuBar.swift */ = {isa = PBXFileReference; fileEncoding = 4; lastKnownFileType = sourcecode.swift; path = CustomMenuBar.swift; sourceTree = "<group>"; };
		64AE5974224B7379008540E3 /* CustomCell.xib */ = {isa = PBXFileReference; fileEncoding = 4; lastKnownFileType = file.xib; path = CustomCell.xib; sourceTree = "<group>"; };
		64AE5975224B7379008540E3 /* CustomCell.swift */ = {isa = PBXFileReference; fileEncoding = 4; lastKnownFileType = sourcecode.swift; path = CustomCell.swift; sourceTree = "<group>"; };
		64AE5976224B7379008540E3 /* PageCell.swift */ = {isa = PBXFileReference; fileEncoding = 4; lastKnownFileType = sourcecode.swift; path = PageCell.swift; sourceTree = "<group>"; };
		64AE5977224B7379008540E3 /* PageCell.xib */ = {isa = PBXFileReference; fileEncoding = 4; lastKnownFileType = file.xib; path = PageCell.xib; sourceTree = "<group>"; };
		64AE597E224B73AC008540E3 /* DontWorry-Bridging-Header.h */ = {isa = PBXFileReference; lastKnownFileType = sourcecode.c.h; path = "DontWorry-Bridging-Header.h"; sourceTree = "<group>"; };
		64AE597F224B73AD008540E3 /* FMDatabase.h */ = {isa = PBXFileReference; fileEncoding = 4; lastKnownFileType = sourcecode.c.h; path = FMDatabase.h; sourceTree = "<group>"; };
		64AE5980224B73AD008540E3 /* FMDatabaseAdditions.m */ = {isa = PBXFileReference; fileEncoding = 4; lastKnownFileType = sourcecode.c.objc; path = FMDatabaseAdditions.m; sourceTree = "<group>"; };
		64AE5981224B73AD008540E3 /* FMDatabaseQueue.m */ = {isa = PBXFileReference; fileEncoding = 4; lastKnownFileType = sourcecode.c.objc; path = FMDatabaseQueue.m; sourceTree = "<group>"; };
		64AE5982224B73AD008540E3 /* FMDB.h */ = {isa = PBXFileReference; fileEncoding = 4; lastKnownFileType = sourcecode.c.h; path = FMDB.h; sourceTree = "<group>"; };
		64AE5983224B73AD008540E3 /* MainVc.swift */ = {isa = PBXFileReference; fileEncoding = 4; lastKnownFileType = sourcecode.swift; path = MainVc.swift; sourceTree = "<group>"; };
		64AE5984224B73AD008540E3 /* FMDatabasePool.h */ = {isa = PBXFileReference; fileEncoding = 4; lastKnownFileType = sourcecode.c.h; path = FMDatabasePool.h; sourceTree = "<group>"; };
		64AE5985224B73AD008540E3 /* FMDatabasePool.m */ = {isa = PBXFileReference; fileEncoding = 4; lastKnownFileType = sourcecode.c.objc; path = FMDatabasePool.m; sourceTree = "<group>"; };
		64AE5986224B73AD008540E3 /* FMDatabase.m */ = {isa = PBXFileReference; fileEncoding = 4; lastKnownFileType = sourcecode.c.objc; path = FMDatabase.m; sourceTree = "<group>"; };
		64AE5987224B73AE008540E3 /* FMResultSet.h */ = {isa = PBXFileReference; fileEncoding = 4; lastKnownFileType = sourcecode.c.h; path = FMResultSet.h; sourceTree = "<group>"; };
		64AE5988224B73AE008540E3 /* FMDatabaseAdditions.h */ = {isa = PBXFileReference; fileEncoding = 4; lastKnownFileType = sourcecode.c.h; path = FMDatabaseAdditions.h; sourceTree = "<group>"; };
		64AE5989224B73AE008540E3 /* FMResultSet.m */ = {isa = PBXFileReference; fileEncoding = 4; lastKnownFileType = sourcecode.c.objc; path = FMResultSet.m; sourceTree = "<group>"; };
		64AE598A224B73AE008540E3 /* FMDatabaseQueue.h */ = {isa = PBXFileReference; fileEncoding = 4; lastKnownFileType = sourcecode.c.h; path = FMDatabaseQueue.h; sourceTree = "<group>"; };
		64AE5991224B73CE008540E3 /* libsqlite3.tbd */ = {isa = PBXFileReference; lastKnownFileType = "sourcecode.text-based-dylib-definition"; name = libsqlite3.tbd; path = usr/lib/libsqlite3.tbd; sourceTree = SDKROOT; };
		AE0C40B050991B9CEE19D375 /* Pods-DontWorry.release.xcconfig */ = {isa = PBXFileReference; includeInIndex = 1; lastKnownFileType = text.xcconfig; name = "Pods-DontWorry.release.xcconfig"; path = "Pods/Target Support Files/Pods-DontWorry/Pods-DontWorry.release.xcconfig"; sourceTree = "<group>"; };
		BC886D16AA729326793EA303 /* Pods_DontWorry.framework */ = {isa = PBXFileReference; explicitFileType = wrapper.framework; includeInIndex = 0; path = Pods_DontWorry.framework; sourceTree = BUILT_PRODUCTS_DIR; };
		C780C48E225DC2920063FBEC /* ListTableViewCell.swift */ = {isa = PBXFileReference; lastKnownFileType = sourcecode.swift; path = ListTableViewCell.swift; sourceTree = "<group>"; };
		C7DD1167223B732B00C83798 /* DontWorry.app */ = {isa = PBXFileReference; explicitFileType = wrapper.application; includeInIndex = 0; path = DontWorry.app; sourceTree = BUILT_PRODUCTS_DIR; };
		C7DD116A223B732B00C83798 /* AppDelegate.swift */ = {isa = PBXFileReference; lastKnownFileType = sourcecode.swift; path = AppDelegate.swift; sourceTree = "<group>"; };
		C7DD116F223B732B00C83798 /* Base */ = {isa = PBXFileReference; lastKnownFileType = file.storyboard; name = Base; path = Base.lproj/Main.storyboard; sourceTree = "<group>"; };
		C7DD1171223B732D00C83798 /* Assets.xcassets */ = {isa = PBXFileReference; lastKnownFileType = folder.assetcatalog; path = Assets.xcassets; sourceTree = "<group>"; };
		C7DD1174223B732D00C83798 /* Base */ = {isa = PBXFileReference; lastKnownFileType = file.storyboard; name = Base; path = Base.lproj/LaunchScreen.storyboard; sourceTree = "<group>"; };
		C7DD1176223B732D00C83798 /* Info.plist */ = {isa = PBXFileReference; lastKnownFileType = text.plist.xml; path = Info.plist; sourceTree = "<group>"; };
		C7DD117D223B74C800C83798 /* MainViewController.swift */ = {isa = PBXFileReference; lastKnownFileType = sourcecode.swift; path = MainViewController.swift; sourceTree = "<group>"; };
		D85455AC22547C8600AED539 /* Home.storyboard */ = {isa = PBXFileReference; fileEncoding = 4; lastKnownFileType = file.storyboard; path = Home.storyboard; sourceTree = "<group>"; };
		D85455AE22547DA000AED539 /* List.storyboard */ = {isa = PBXFileReference; fileEncoding = 4; lastKnownFileType = file.storyboard; path = List.storyboard; sourceTree = "<group>"; };
		D85455B022547E2B00AED539 /* Stats.storyboard */ = {isa = PBXFileReference; fileEncoding = 4; lastKnownFileType = file.storyboard; path = Stats.storyboard; sourceTree = "<group>"; };
		D85455B222547E6900AED539 /* Compare.storyboard */ = {isa = PBXFileReference; fileEncoding = 4; lastKnownFileType = file.storyboard; path = Compare.storyboard; sourceTree = "<group>"; };
		D85455B4225486A400AED539 /* StatsViewController.swift */ = {isa = PBXFileReference; lastKnownFileType = sourcecode.swift; path = StatsViewController.swift; sourceTree = "<group>"; };
		D85455B6225486B000AED539 /* ListViewController.swift */ = {isa = PBXFileReference; lastKnownFileType = sourcecode.swift; path = ListViewController.swift; sourceTree = "<group>"; };
		D85455B8225486BE00AED539 /* CompareViewController.swift */ = {isa = PBXFileReference; lastKnownFileType = sourcecode.swift; path = CompareViewController.swift; sourceTree = "<group>"; };
		D85455BA225486CB00AED539 /* HomeViewController.swift */ = {isa = PBXFileReference; lastKnownFileType = sourcecode.swift; path = HomeViewController.swift; sourceTree = "<group>"; };
		D8C8EFB4225DB9930095A151 /* Input.storyboard */ = {isa = PBXFileReference; fileEncoding = 4; lastKnownFileType = file.storyboard; path = Input.storyboard; sourceTree = "<group>"; };
		D8C8EFB6225DBA100095A151 /* InputViewController.swift */ = {isa = PBXFileReference; lastKnownFileType = sourcecode.swift; path = InputViewController.swift; sourceTree = "<group>"; };
/* End PBXFileReference section */

/* Begin PBXFrameworksBuildPhase section */
		C7DD1164223B732B00C83798 /* Frameworks */ = {
			isa = PBXFrameworksBuildPhase;
			buildActionMask = 2147483647;
			files = (
				64AE5992224B73CE008540E3 /* libsqlite3.tbd in Frameworks */,
				ECA28EA76D16FEEF86C10F29 /* Pods_DontWorry.framework in Frameworks */,
			);
			runOnlyForDeploymentPostprocessing = 0;
		};
/* End PBXFrameworksBuildPhase section */

/* Begin PBXGroup section */
		31D7EF0F2CC482BA5A5227D1 /* Pods */ = {
			isa = PBXGroup;
			children = (
				056CA224A0BD6A42337F54DD /* Pods-DontWorry.debug.xcconfig */,
				AE0C40B050991B9CEE19D375 /* Pods-DontWorry.release.xcconfig */,
			);
			name = Pods;
			sourceTree = "<group>";
		};
		64AE596F224B7379008540E3 /* Extensions */ = {
			isa = PBXGroup;
			children = (
				64AE5970224B7379008540E3 /* NSObject + reusableIdentifier.swift */,
			);
			path = Extensions;
			sourceTree = "<group>";
		};
		64AE5971224B7379008540E3 /* Views */ = {
			isa = PBXGroup;
			children = (
				64AE5972224B7379008540E3 /* CustomMenuBar.swift */,
			);
			path = Views;
			sourceTree = "<group>";
		};
		64AE5973224B7379008540E3 /* Cells */ = {
			isa = PBXGroup;
			children = (
				64AE5974224B7379008540E3 /* CustomCell.xib */,
				64AE5975224B7379008540E3 /* CustomCell.swift */,
				64AE5976224B7379008540E3 /* PageCell.swift */,
				64AE5977224B7379008540E3 /* PageCell.xib */,
				C780C48E225DC2920063FBEC /* ListTableViewCell.swift */,
			);
			path = Cells;
			sourceTree = "<group>";
		};
		C7DD115E223B732B00C83798 = {
			isa = PBXGroup;
			children = (
				C7DD1169223B732B00C83798 /* DontWorry */,
				C7DD1168223B732B00C83798 /* Products */,
				31D7EF0F2CC482BA5A5227D1 /* Pods */,
				FA968CF0E6A4E1BD749BB564 /* Frameworks */,
			);
			sourceTree = "<group>";
		};
		C7DD1168223B732B00C83798 /* Products */ = {
			isa = PBXGroup;
			children = (
				C7DD1167223B732B00C83798 /* DontWorry.app */,
			);
			name = Products;
			sourceTree = "<group>";
		};
		C7DD1169223B732B00C83798 /* DontWorry */ = {
			isa = PBXGroup;
			children = (
				64AE597E224B73AC008540E3 /* DontWorry-Bridging-Header.h */,
				D81B22AF2255D40200FFBE96 /* DB */,
				D85455A622547AFB00AED539 /* Storyboard */,
				64AE5983224B73AD008540E3 /* MainVc.swift */,
				64AE5973224B7379008540E3 /* Cells */,
				64AE596F224B7379008540E3 /* Extensions */,
				64AE5971224B7379008540E3 /* Views */,
				C7DD117C223B74B900C83798 /* ViewController */,
				C7DD116A223B732B00C83798 /* AppDelegate.swift */,
				C7DD1171223B732D00C83798 /* Assets.xcassets */,
				C7DD1176223B732D00C83798 /* Info.plist */,
			);
			path = DontWorry;
			sourceTree = "<group>";
		};
		C7DD117C223B74B900C83798 /* ViewController */ = {
			isa = PBXGroup;
			children = (
				C7DD117D223B74C800C83798 /* MainViewController.swift */,
				D85455B4225486A400AED539 /* StatsViewController.swift */,
				D85455B6225486B000AED539 /* ListViewController.swift */,
				D85455B8225486BE00AED539 /* CompareViewController.swift */,
				D85455BA225486CB00AED539 /* HomeViewController.swift */,
				D8C8EFB6225DBA100095A151 /* InputViewController.swift */,
			);
			path = ViewController;
			sourceTree = "<group>";
		};
		D81B22AF2255D40200FFBE96 /* DB */ = {
			isa = PBXGroup;
			children = (
				64AE597F224B73AD008540E3 /* FMDatabase.h */,
				64AE5986224B73AD008540E3 /* FMDatabase.m */,
				64AE5988224B73AE008540E3 /* FMDatabaseAdditions.h */,
				64AE5980224B73AD008540E3 /* FMDatabaseAdditions.m */,
				64AE5984224B73AD008540E3 /* FMDatabasePool.h */,
				64AE5985224B73AD008540E3 /* FMDatabasePool.m */,
				64AE598A224B73AE008540E3 /* FMDatabaseQueue.h */,
				64AE5981224B73AD008540E3 /* FMDatabaseQueue.m */,
				64AE5982224B73AD008540E3 /* FMDB.h */,
				64AE5987224B73AE008540E3 /* FMResultSet.h */,
				64AE5989224B73AE008540E3 /* FMResultSet.m */,
			);
			path = DB;
			sourceTree = "<group>";
		};
		D85455A622547AFB00AED539 /* Storyboard */ = {
			isa = PBXGroup;
			children = (
				D8C8EFB4225DB9930095A151 /* Input.storyboard */,
				D85455B222547E6900AED539 /* Compare.storyboard */,
				D85455B022547E2B00AED539 /* Stats.storyboard */,
				D85455AE22547DA000AED539 /* List.storyboard */,
				D85455AC22547C8600AED539 /* Home.storyboard */,
				C7DD1173223B732D00C83798 /* LaunchScreen.storyboard */,
				C7DD116E223B732B00C83798 /* Main.storyboard */,
			);
			path = Storyboard;
			sourceTree = "<group>";
		};
		FA968CF0E6A4E1BD749BB564 /* Frameworks */ = {
			isa = PBXGroup;
			children = (
				64AE5991224B73CE008540E3 /* libsqlite3.tbd */,
				BC886D16AA729326793EA303 /* Pods_DontWorry.framework */,
			);
			name = Frameworks;
			sourceTree = "<group>";
		};
/* End PBXGroup section */

/* Begin PBXNativeTarget section */
		C7DD1166223B732B00C83798 /* DontWorry */ = {
			isa = PBXNativeTarget;
			buildConfigurationList = C7DD1179223B732D00C83798 /* Build configuration list for PBXNativeTarget "DontWorry" */;
			buildPhases = (
				928A21F12E48907EAF34964F /* [CP] Check Pods Manifest.lock */,
				C7DD1163223B732B00C83798 /* Sources */,
				C7DD1164223B732B00C83798 /* Frameworks */,
				C7DD1165223B732B00C83798 /* Resources */,
				CAC2A0C037AFCBCD93C22ABA /* [CP] Embed Pods Frameworks */,
			);
			buildRules = (
			);
			dependencies = (
			);
			name = DontWorry;
			productName = DontWorry;
			productReference = C7DD1167223B732B00C83798 /* DontWorry.app */;
			productType = "com.apple.product-type.application";
		};
/* End PBXNativeTarget section */

/* Begin PBXProject section */
		C7DD115F223B732B00C83798 /* Project object */ = {
			isa = PBXProject;
			attributes = {
				LastSwiftUpdateCheck = 1010;
				LastUpgradeCheck = 1010;
				ORGANIZATIONNAME = "SeongJoon Kim";
				TargetAttributes = {
					C7DD1166223B732B00C83798 = {
						CreatedOnToolsVersion = 10.1;
						LastSwiftMigration = 1010;
					};
				};
			};
			buildConfigurationList = C7DD1162223B732B00C83798 /* Build configuration list for PBXProject "DontWorry" */;
			compatibilityVersion = "Xcode 9.3";
			developmentRegion = en;
			hasScannedForEncodings = 0;
			knownRegions = (
				en,
				Base,
			);
			mainGroup = C7DD115E223B732B00C83798;
			productRefGroup = C7DD1168223B732B00C83798 /* Products */;
			projectDirPath = "";
			projectRoot = "";
			targets = (
				C7DD1166223B732B00C83798 /* DontWorry */,
			);
		};
/* End PBXProject section */

/* Begin PBXResourcesBuildPhase section */
		C7DD1165223B732B00C83798 /* Resources */ = {
			isa = PBXResourcesBuildPhase;
			buildActionMask = 2147483647;
			files = (
				C7DD1175223B732D00C83798 /* LaunchScreen.storyboard in Resources */,
				D85455AF22547DA000AED539 /* List.storyboard in Resources */,
				C7DD1172223B732D00C83798 /* Assets.xcassets in Resources */,
				64AE597A224B7379008540E3 /* CustomCell.xib in Resources */,
				D85455AD22547C8600AED539 /* Home.storyboard in Resources */,
				C7DD1170223B732B00C83798 /* Main.storyboard in Resources */,
				D85455B122547E2B00AED539 /* Stats.storyboard in Resources */,
				D85455B322547E6900AED539 /* Compare.storyboard in Resources */,
				64AE597D224B7379008540E3 /* PageCell.xib in Resources */,
				D8C8EFB5225DB9930095A151 /* Input.storyboard in Resources */,
			);
			runOnlyForDeploymentPostprocessing = 0;
		};
/* End PBXResourcesBuildPhase section */

/* Begin PBXShellScriptBuildPhase section */
		928A21F12E48907EAF34964F /* [CP] Check Pods Manifest.lock */ = {
			isa = PBXShellScriptBuildPhase;
			buildActionMask = 2147483647;
			files = (
			);
			inputFileListPaths = (
			);
			inputPaths = (
				"${PODS_PODFILE_DIR_PATH}/Podfile.lock",
				"${PODS_ROOT}/Manifest.lock",
			);
			name = "[CP] Check Pods Manifest.lock";
			outputFileListPaths = (
			);
			outputPaths = (
				"$(DERIVED_FILE_DIR)/Pods-DontWorry-checkManifestLockResult.txt",
			);
			runOnlyForDeploymentPostprocessing = 0;
			shellPath = /bin/sh;
			shellScript = "diff \"${PODS_PODFILE_DIR_PATH}/Podfile.lock\" \"${PODS_ROOT}/Manifest.lock\" > /dev/null\nif [ $? != 0 ] ; then\n    # print error to STDERR\n    echo \"error: The sandbox is not in sync with the Podfile.lock. Run 'pod install' or update your CocoaPods installation.\" >&2\n    exit 1\nfi\n# This output is used by Xcode 'outputs' to avoid re-running this script phase.\necho \"SUCCESS\" > \"${SCRIPT_OUTPUT_FILE_0}\"\n";
			showEnvVarsInLog = 0;
		};
		CAC2A0C037AFCBCD93C22ABA /* [CP] Embed Pods Frameworks */ = {
			isa = PBXShellScriptBuildPhase;
			buildActionMask = 2147483647;
			files = (
			);
			inputFileListPaths = (
			);
			inputPaths = (
				"${SRCROOT}/Pods/Target Support Files/Pods-DontWorry/Pods-DontWorry-frameworks.sh",
				"${BUILT_PRODUCTS_DIR}/Charts/Charts.framework",
			);
			name = "[CP] Embed Pods Frameworks";
			outputFileListPaths = (
			);
			outputPaths = (
				"${TARGET_BUILD_DIR}/${FRAMEWORKS_FOLDER_PATH}/Charts.framework",
			);
			runOnlyForDeploymentPostprocessing = 0;
			shellPath = /bin/sh;
			shellScript = "\"${SRCROOT}/Pods/Target Support Files/Pods-DontWorry/Pods-DontWorry-frameworks.sh\"\n";
			showEnvVarsInLog = 0;
		};
/* End PBXShellScriptBuildPhase section */

/* Begin PBXSourcesBuildPhase section */
		C7DD1163223B732B00C83798 /* Sources */ = {
			isa = PBXSourcesBuildPhase;
			buildActionMask = 2147483647;
			files = (
				64AE5978224B7379008540E3 /* NSObject + reusableIdentifier.swift in Sources */,
				64AE598C224B73AE008540E3 /* FMDatabaseQueue.m in Sources */,
				C7DD117E223B74C800C83798 /* MainViewController.swift in Sources */,
				64AE597C224B7379008540E3 /* PageCell.swift in Sources */,
				D8C8EFB7225DBA100095A151 /* InputViewController.swift in Sources */,
				C780C48F225DC2920063FBEC /* ListTableViewCell.swift in Sources */,
				64AE598D224B73AE008540E3 /* MainVc.swift in Sources */,
				64AE597B224B7379008540E3 /* CustomCell.swift in Sources */,
				D85455B7225486B000AED539 /* ListViewController.swift in Sources */,
				64AE5990224B73AE008540E3 /* FMResultSet.m in Sources */,
				C7DD116B223B732B00C83798 /* AppDelegate.swift in Sources */,
				D85455B5225486A400AED539 /* StatsViewController.swift in Sources */,
				64AE598E224B73AE008540E3 /* FMDatabasePool.m in Sources */,
				D85455BB225486CB00AED539 /* HomeViewController.swift in Sources */,
				64AE598B224B73AE008540E3 /* FMDatabaseAdditions.m in Sources */,
				D85455B9225486BE00AED539 /* CompareViewController.swift in Sources */,
				64AE598F224B73AE008540E3 /* FMDatabase.m in Sources */,
				64AE5979224B7379008540E3 /* CustomMenuBar.swift in Sources */,
			);
			runOnlyForDeploymentPostprocessing = 0;
		};
/* End PBXSourcesBuildPhase section */

/* Begin PBXVariantGroup section */
		C7DD116E223B732B00C83798 /* Main.storyboard */ = {
			isa = PBXVariantGroup;
			children = (
				C7DD116F223B732B00C83798 /* Base */,
			);
			name = Main.storyboard;
			sourceTree = "<group>";
		};
		C7DD1173223B732D00C83798 /* LaunchScreen.storyboard */ = {
			isa = PBXVariantGroup;
			children = (
				C7DD1174223B732D00C83798 /* Base */,
			);
			name = LaunchScreen.storyboard;
			sourceTree = "<group>";
		};
/* End PBXVariantGroup section */

/* Begin XCBuildConfiguration section */
		C7DD1177223B732D00C83798 /* Debug */ = {
			isa = XCBuildConfiguration;
			buildSettings = {
				ALWAYS_SEARCH_USER_PATHS = NO;
				CLANG_ANALYZER_NONNULL = YES;
				CLANG_ANALYZER_NUMBER_OBJECT_CONVERSION = YES_AGGRESSIVE;
				CLANG_CXX_LANGUAGE_STANDARD = "gnu++14";
				CLANG_CXX_LIBRARY = "libc++";
				CLANG_ENABLE_MODULES = YES;
				CLANG_ENABLE_OBJC_ARC = YES;
				CLANG_ENABLE_OBJC_WEAK = YES;
				CLANG_WARN_BLOCK_CAPTURE_AUTORELEASING = YES;
				CLANG_WARN_BOOL_CONVERSION = YES;
				CLANG_WARN_COMMA = YES;
				CLANG_WARN_CONSTANT_CONVERSION = YES;
				CLANG_WARN_DEPRECATED_OBJC_IMPLEMENTATIONS = YES;
				CLANG_WARN_DIRECT_OBJC_ISA_USAGE = YES_ERROR;
				CLANG_WARN_DOCUMENTATION_COMMENTS = YES;
				CLANG_WARN_EMPTY_BODY = YES;
				CLANG_WARN_ENUM_CONVERSION = YES;
				CLANG_WARN_INFINITE_RECURSION = YES;
				CLANG_WARN_INT_CONVERSION = YES;
				CLANG_WARN_NON_LITERAL_NULL_CONVERSION = YES;
				CLANG_WARN_OBJC_IMPLICIT_RETAIN_SELF = YES;
				CLANG_WARN_OBJC_LITERAL_CONVERSION = YES;
				CLANG_WARN_OBJC_ROOT_CLASS = YES_ERROR;
				CLANG_WARN_RANGE_LOOP_ANALYSIS = YES;
				CLANG_WARN_STRICT_PROTOTYPES = YES;
				CLANG_WARN_SUSPICIOUS_MOVE = YES;
				CLANG_WARN_UNGUARDED_AVAILABILITY = YES_AGGRESSIVE;
				CLANG_WARN_UNREACHABLE_CODE = YES;
				CLANG_WARN__DUPLICATE_METHOD_MATCH = YES;
				CODE_SIGN_IDENTITY = "iPhone Developer";
				COPY_PHASE_STRIP = NO;
				DEBUG_INFORMATION_FORMAT = dwarf;
				ENABLE_STRICT_OBJC_MSGSEND = YES;
				ENABLE_TESTABILITY = YES;
				GCC_C_LANGUAGE_STANDARD = gnu11;
				GCC_DYNAMIC_NO_PIC = NO;
				GCC_NO_COMMON_BLOCKS = YES;
				GCC_OPTIMIZATION_LEVEL = 0;
				GCC_PREPROCESSOR_DEFINITIONS = (
					"DEBUG=1",
					"$(inherited)",
				);
				GCC_WARN_64_TO_32_BIT_CONVERSION = YES;
				GCC_WARN_ABOUT_RETURN_TYPE = YES_ERROR;
				GCC_WARN_UNDECLARED_SELECTOR = YES;
				GCC_WARN_UNINITIALIZED_AUTOS = YES_AGGRESSIVE;
				GCC_WARN_UNUSED_FUNCTION = YES;
				GCC_WARN_UNUSED_VARIABLE = YES;
				IPHONEOS_DEPLOYMENT_TARGET = 12.1;
				MTL_ENABLE_DEBUG_INFO = INCLUDE_SOURCE;
				MTL_FAST_MATH = YES;
				ONLY_ACTIVE_ARCH = YES;
				SDKROOT = iphoneos;
				SWIFT_ACTIVE_COMPILATION_CONDITIONS = DEBUG;
				SWIFT_OPTIMIZATION_LEVEL = "-Onone";
			};
			name = Debug;
		};
		C7DD1178223B732D00C83798 /* Release */ = {
			isa = XCBuildConfiguration;
			buildSettings = {
				ALWAYS_SEARCH_USER_PATHS = NO;
				CLANG_ANALYZER_NONNULL = YES;
				CLANG_ANALYZER_NUMBER_OBJECT_CONVERSION = YES_AGGRESSIVE;
				CLANG_CXX_LANGUAGE_STANDARD = "gnu++14";
				CLANG_CXX_LIBRARY = "libc++";
				CLANG_ENABLE_MODULES = YES;
				CLANG_ENABLE_OBJC_ARC = YES;
				CLANG_ENABLE_OBJC_WEAK = YES;
				CLANG_WARN_BLOCK_CAPTURE_AUTORELEASING = YES;
				CLANG_WARN_BOOL_CONVERSION = YES;
				CLANG_WARN_COMMA = YES;
				CLANG_WARN_CONSTANT_CONVERSION = YES;
				CLANG_WARN_DEPRECATED_OBJC_IMPLEMENTATIONS = YES;
				CLANG_WARN_DIRECT_OBJC_ISA_USAGE = YES_ERROR;
				CLANG_WARN_DOCUMENTATION_COMMENTS = YES;
				CLANG_WARN_EMPTY_BODY = YES;
				CLANG_WARN_ENUM_CONVERSION = YES;
				CLANG_WARN_INFINITE_RECURSION = YES;
				CLANG_WARN_INT_CONVERSION = YES;
				CLANG_WARN_NON_LITERAL_NULL_CONVERSION = YES;
				CLANG_WARN_OBJC_IMPLICIT_RETAIN_SELF = YES;
				CLANG_WARN_OBJC_LITERAL_CONVERSION = YES;
				CLANG_WARN_OBJC_ROOT_CLASS = YES_ERROR;
				CLANG_WARN_RANGE_LOOP_ANALYSIS = YES;
				CLANG_WARN_STRICT_PROTOTYPES = YES;
				CLANG_WARN_SUSPICIOUS_MOVE = YES;
				CLANG_WARN_UNGUARDED_AVAILABILITY = YES_AGGRESSIVE;
				CLANG_WARN_UNREACHABLE_CODE = YES;
				CLANG_WARN__DUPLICATE_METHOD_MATCH = YES;
				CODE_SIGN_IDENTITY = "iPhone Developer";
				COPY_PHASE_STRIP = NO;
				DEBUG_INFORMATION_FORMAT = "dwarf-with-dsym";
				ENABLE_NS_ASSERTIONS = NO;
				ENABLE_STRICT_OBJC_MSGSEND = YES;
				GCC_C_LANGUAGE_STANDARD = gnu11;
				GCC_NO_COMMON_BLOCKS = YES;
				GCC_WARN_64_TO_32_BIT_CONVERSION = YES;
				GCC_WARN_ABOUT_RETURN_TYPE = YES_ERROR;
				GCC_WARN_UNDECLARED_SELECTOR = YES;
				GCC_WARN_UNINITIALIZED_AUTOS = YES_AGGRESSIVE;
				GCC_WARN_UNUSED_FUNCTION = YES;
				GCC_WARN_UNUSED_VARIABLE = YES;
				IPHONEOS_DEPLOYMENT_TARGET = 12.1;
				MTL_ENABLE_DEBUG_INFO = NO;
				MTL_FAST_MATH = YES;
				SDKROOT = iphoneos;
				SWIFT_COMPILATION_MODE = wholemodule;
				SWIFT_OPTIMIZATION_LEVEL = "-O";
				VALIDATE_PRODUCT = YES;
			};
			name = Release;
		};
		C7DD117A223B732D00C83798 /* Debug */ = {
			isa = XCBuildConfiguration;
			baseConfigurationReference = 056CA224A0BD6A42337F54DD /* Pods-DontWorry.debug.xcconfig */;
			buildSettings = {
				ASSETCATALOG_COMPILER_APPICON_NAME = AppIcon;
				CLANG_ENABLE_MODULES = YES;
				CODE_SIGN_STYLE = Automatic;
				INFOPLIST_FILE = DontWorry/Info.plist;
				LD_RUNPATH_SEARCH_PATHS = (
					"$(inherited)",
					"@executable_path/Frameworks",
				);
				PRODUCT_BUNDLE_IDENTIFIER = Duny.DontWorry;
				PRODUCT_NAME = "$(TARGET_NAME)";
				SWIFT_OBJC_BRIDGING_HEADER = "DontWorry/DontWorry-Bridging-Header.h";
				SWIFT_OPTIMIZATION_LEVEL = "-Onone";
				SWIFT_VERSION = 4.2;
				TARGETED_DEVICE_FAMILY = "1,2";
			};
			name = Debug;
		};
		C7DD117B223B732D00C83798 /* Release */ = {
			isa = XCBuildConfiguration;
			baseConfigurationReference = AE0C40B050991B9CEE19D375 /* Pods-DontWorry.release.xcconfig */;
			buildSettings = {
				ASSETCATALOG_COMPILER_APPICON_NAME = AppIcon;
				CLANG_ENABLE_MODULES = YES;
				CODE_SIGN_STYLE = Automatic;
				INFOPLIST_FILE = DontWorry/Info.plist;
				LD_RUNPATH_SEARCH_PATHS = (
					"$(inherited)",
					"@executable_path/Frameworks",
				);
				PRODUCT_BUNDLE_IDENTIFIER = Duny.DontWorry;
				PRODUCT_NAME = "$(TARGET_NAME)";
				SWIFT_OBJC_BRIDGING_HEADER = "DontWorry/DontWorry-Bridging-Header.h";
				SWIFT_VERSION = 4.2;
				TARGETED_DEVICE_FAMILY = "1,2";
			};
			name = Release;
		};
/* End XCBuildConfiguration section */

/* Begin XCConfigurationList section */
		C7DD1162223B732B00C83798 /* Build configuration list for PBXProject "DontWorry" */ = {
			isa = XCConfigurationList;
			buildConfigurations = (
				C7DD1177223B732D00C83798 /* Debug */,
				C7DD1178223B732D00C83798 /* Release */,
			);
			defaultConfigurationIsVisible = 0;
			defaultConfigurationName = Release;
		};
		C7DD1179223B732D00C83798 /* Build configuration list for PBXNativeTarget "DontWorry" */ = {
			isa = XCConfigurationList;
			buildConfigurations = (
				C7DD117A223B732D00C83798 /* Debug */,
				C7DD117B223B732D00C83798 /* Release */,
			);
			defaultConfigurationIsVisible = 0;
			defaultConfigurationName = Release;
		};
/* End XCConfigurationList section */
	};
	rootObject = C7DD115F223B732B00C83798 /* Project object */;
}
